{
  "name": "MeetSphere",
  "lockfileVersion": 3,
  "requires": true,
  "packages": {
    "": {
      "dependencies": {
        "@socket.io/redis-adapter": "^8.3.0",
        "redis": "^5.10.0"
      }
    },
    "node_modules/@redis/bloom": {
      "version": "5.10.0",
      "resolved": "https://registry.npmjs.org/@redis/bloom/-/bloom-5.10.0.tgz",
      "integrity": "sha512-doIF37ob+l47n0rkpRNgU8n4iacBlKM9xLiP1LtTZTvz8TloJB8qx/MgvhMhKdYG+CvCY2aPBnN2706izFn/4A==",
      "license": "MIT",
      "engines": {
        "node": ">= 18"
      },
      "peerDependencies": {
        "@redis/client": "^5.10.0"
      }
    },
    "node_modules/@redis/client": {
      "version": "5.10.0",
      "resolved": "https://registry.npmjs.org/@redis/client/-/client-5.10.0.tgz",
      "integrity": "sha512-JXmM4XCoso6C75Mr3lhKA3eNxSzkYi3nCzxDIKY+YOszYsJjuKbFgVtguVPbLMOttN4iu2fXoc2BGhdnYhIOxA==",
      "license": "MIT",
      "dependencies": {
        "cluster-key-slot": "1.1.2"
      },
      "engines": {
        "node": ">= 18"
      }
    },
    "node_modules/@redis/json": {
      "version": "5.10.0",
      "resolved": "https://registry.npmjs.org/@redis/json/-/json-5.10.0.tgz",
      "integrity": "sha512-B2G8XlOmTPUuZtD44EMGbtoepQG34RCDXLZbjrtON1Djet0t5Ri7/YPXvL9aomXqP8lLTreaprtyLKF4tmXEEA==",
      "license": "MIT",
      "engines": {
        "node": ">= 18"
      },
      "peerDependencies": {
        "@redis/client": "^5.10.0"
      }
    },
    "node_modules/@redis/search": {
      "version": "5.10.0",
      "resolved": "https://registry.npmjs.org/@redis/search/-/search-5.10.0.tgz",
      "integrity": "sha512-3SVcPswoSfp2HnmWbAGUzlbUPn7fOohVu2weUQ0S+EMiQi8jwjL+aN2p6V3TI65eNfVsJ8vyPvqWklm6H6esmg==",
      "license": "MIT",
      "engines": {
        "node": ">= 18"
      },
      "peerDependencies": {
        "@redis/client": "^5.10.0"
      }
    },
    "node_modules/@redis/time-series": {
      "version": "5.10.0",
      "resolved": "https://registry.npmjs.org/@redis/time-series/-/time-series-5.10.0.tgz",
      "integrity": "sha512-cPkpddXH5kc/SdRhF0YG0qtjL+noqFT0AcHbQ6axhsPsO7iqPi1cjxgdkE9TNeKiBUUdCaU1DbqkR/LzbzPBhg==",
      "license": "MIT",
      "engines": {
        "node": ">= 18"
      },
      "peerDependencies": {
        "@redis/client": "^5.10.0"
      }
    },
    "node_modules/@socket.io/redis-adapter": {
      "version": "8.3.0",
      "resolved": "https://registry.npmjs.org/@socket.io/redis-adapter/-/redis-adapter-8.3.0.tgz",
      "integrity": "sha512-ly0cra+48hDmChxmIpnESKrc94LjRL80TEmZVscuQ/WWkRP81nNj8W8cCGMqbI4L6NCuAaPRSzZF1a9GlAxxnA==",
      "license": "MIT",
      "dependencies": {
        "debug": "~4.3.1",
        "notepack.io": "~3.0.1",
        "uid2": "1.0.0"
      },
      "engines": {
        "node": ">=10.0.0"
      },
      "peerDependencies": {
        "socket.io-adapter": "^2.5.4"
      }
    },
    "node_modules/cluster-key-slot": {
      "version": "1.1.2",
      "resolved": "https://registry.npmjs.org/cluster-key-slot/-/cluster-key-slot-1.1.2.tgz",
      "integrity": "sha512-RMr0FhtfXemyinomL4hrWcYJxmX6deFdCxpJzhDttxgO1+bcCnkk+9drydLVDmAMG7NE6aN/fl4F7ucU/90gAA==",
      "license": "Apache-2.0",
      "engines": {
        "node": ">=0.10.0"
      }
    },
    "node_modules/debug": {
      "version": "4.3.7",
      "resolved": "https://registry.npmjs.org/debug/-/debug-4.3.7.tgz",
      "integrity": "sha512-Er2nc/H7RrMXZBFCEim6TCmMk02Z8vLC2Rbi1KEBggpo0fS6l0S1nnapwmIi3yW/+GOJap1Krg4w0Hg80oCqgQ==",
      "license": "MIT",
      "dependencies": {
        "ms": "^2.1.3"
      },
      "engines": {
        "node": ">=6.0"
      },
      "peerDependenciesMeta": {
        "supports-color": {
          "optional": true
        }
      }
    },
    "node_modules/ms": {
      "version": "2.1.3",
      "resolved": "https://registry.npmjs.org/ms/-/ms-2.1.3.tgz",
      "integrity": "sha512-6FlzubTLZG3J2a/NVCAleEhjzq5oxgHyaCU9yYXvcLsvoVaHJq/s5xXI6/XXP6tz7R9xAOtHnSO/tXtF3WRTlA==",
      "license": "MIT"
    },
    "node_modules/notepack.io": {
      "version": "3.0.1",
      "resolved": "https://registry.npmjs.org/notepack.io/-/notepack.io-3.0.1.tgz",
      "integrity": "sha512-TKC/8zH5pXIAMVQio2TvVDTtPRX+DJPHDqjRbxogtFiByHyzKmy96RA0JtCQJ+WouyyL4A10xomQzgbUT+1jCg==",
      "license": "MIT"
    },
    "node_modules/redis": {
      "version": "5.10.0",
      "resolved": "https://registry.npmjs.org/redis/-/redis-5.10.0.tgz",
      "integrity": "sha512-0/Y+7IEiTgVGPrLFKy8oAEArSyEJkU0zvgV5xyi9NzNQ+SLZmyFbUsWIbgPcd4UdUh00opXGKlXJwMmsis5Byw==",
      "license": "MIT",
      "dependencies": {
        "@redis/bloom": "5.10.0",
        "@redis/client": "5.10.0",
        "@redis/json": "5.10.0",
        "@redis/search": "5.10.0",
        "@redis/time-series": "5.10.0"
      },
      "engines": {
        "node": ">= 18"
      }
    },
    "node_modules/socket.io-adapter": {
      "version": "2.5.6",
      "resolved": "https://registry.npmjs.org/socket.io-adapter/-/socket.io-adapter-2.5.6.tgz",
      "integrity": "sha512-DkkO/dz7MGln0dHn5bmN3pPy+JmywNICWrJqVWiVOyvXjWQFIv9c2h24JrQLLFJ2aQVQf/Cvl1vblnd4r2apLQ==",
      "license": "MIT",
      "peer": true,
      "dependencies": {
        "debug": "~4.4.1",
        "ws": "~8.18.3"
      }
    },
    "node_modules/socket.io-adapter/node_modules/debug": {
      "version": "4.4.3",
      "resolved": "https://registry.npmjs.org/debug/-/debug-4.4.3.tgz",
      "integrity": "sha512-RGwwWnwQvkVfavKVt22FGLw+xYSdzARwm0ru6DhTVA3umU5hZc28V3kO4stgYryrTlLpuvgI9GiijltAjNbcqA==",
      "license": "MIT",
      "peer": true,
      "dependencies": {
        "ms": "^2.1.3"
      },
      "engines": {
        "node": ">=6.0"
      },
      "peerDependenciesMeta": {
        "supports-color": {
          "optional": true
        }
      }
    },
    "node_modules/uid2": {
      "version": "1.0.0",
      "resolved": "https://registry.npmjs.org/uid2/-/uid2-1.0.0.tgz",
      "integrity": "sha512-+I6aJUv63YAcY9n4mQreLUt0d4lvwkkopDNmpomkAUz0fAkEMV9pRWxN0EjhW1YfRhcuyHg2v3mwddCDW1+LFQ==",
      "license": "MIT",
      "engines": {
        "node": ">= 4.0.0"
      }
    },
    "node_modules/ws": {
      "version": "8.18.3",
      "resolved": "https://registry.npmjs.org/ws/-/ws-8.18.3.tgz",
      "integrity": "sha512-PEIGCY5tSlUt50cqyMXfCzX+oOPqN0vuGqWzbcJ2xvnkzkq46oOpz7dQaTDBdfICb4N14+GARUDw2XV2N4tvzg==",
      "license": "MIT",
      "peer": true,
      "engines": {
        "node": ">=10.0.0"
      },
      "peerDependencies": {
        "bufferutil": "^4.0.1",
        "utf-8-validate": ">=5.0.2"
      },
      "peerDependenciesMeta": {
        "bufferutil": {
          "optional": true
        },
        "utf-8-validate": {
          "optional": true
        }
      }
    }
  }
}
